{
    "name": "npm-run-pattern",
    "version": "0.0.1",
    "lockfileVersion": 3,
    "requires": true,
    "packages": {
        "": {
            "name": "npm-run-pattern",
            "version": "0.0.1",
            "license": "MIT",
            "bin": {
                "npm-run-pattern": "bin/npm-run-pattern"
            }
        }
    }
}
